
Microsoft Visual Studio Solution File, Format Version 12.00
# Visual Studio 15
VisualStudioVersion = 15.0.26730.12
MinimumVisualStudioVersion = 10.0.40219.1
Project("{8BC9CEB8-8B4A-11D0-8D11-00A0C91BC942}") = "Genetic_Chess", "Genetic_Chess.vcxproj", "{24960376-DC2D-4D5D-A71A-15D3B9BF76B4}"
EndProject
Global
	GlobalSection(SolutionConfigurationPlatforms) = preSolution
		Debug|x64 = Debug|x64
		Debug|x86 = Debug|x86
		Release|x64 = Release|x64
		Release|x86 = Release|x86
	EndGlobalSection
	GlobalSection(ProjectConfigurationPlatforms) = postSolution
		{24960376-DC2D-4D5D-A71A-15D3B9BF76B4}.Debug|x64.ActiveCfg = Debug|x64
		{24960376-DC2D-4D5D-A71A-15D3B9BF76B4}.Debug|x64.Build.0 = Debug|x64
		{24960376-DC2D-4D5D-A71A-15D3B9BF76B4}.Debug|x86.ActiveCfg = Debug|Win32
		{24960376-DC2D-4D5D-A71A-15D3B9BF76B4}.Debug|x86.Build.0 = Debug|Win32
		{24960376-DC2D-4D5D-A71A-15D3B9BF76B4}.Release|x64.ActiveCfg = Release|x64
		{24960376-DC2D-4D5D-A71A-15D3B9BF76B4}.Release|x64.Build.0 = Release|x64
		{24960376-DC2D-4D5D-A71A-15D3B9BF76B4}.Release|x86.ActiveCfg = Release|Win32
		{24960376-DC2D-4D5D-A71A-15D3B9BF76B4}.Release|x86.Build.0 = Release|Win32
	EndGlobalSection
	GlobalSection(SolutionProperties) = preSolution
		HideSolutionNode = FALSE
	EndGlobalSection
	GlobalSection(ExtensibilityGlobals) = postSolution
		SolutionGuid = {125059C2-E92C-480E-8C04-1256A4404158}
	EndGlobalSection
EndGlobal
